
Microsoft Visual Studio Solution File, Format Version 12.00
# Visual Studio Version 16
VisualStudioVersion = 16.0.31829.152
MinimumVisualStudioVersion = 10.0.40219.1
Project("{FAE04EC0-301F-11D3-BF4B-00C04F79EFBC}") = "Uc4ADO.Net_UpdateSalary_PayrollService", "Uc4ADO.Net_UpdateSalary_PayrollService\Uc4ADO.Net_UpdateSalary_PayrollService.csproj", "{3D8894ED-41A3-4766-86E4-E26A32440ADA}"
EndProject
Global
	GlobalSection(SolutionConfigurationPlatforms) = preSolution
		Debug|Any CPU = Debug|Any CPU
		Release|Any CPU = Release|Any CPU
	EndGlobalSection
	GlobalSection(ProjectConfigurationPlatforms) = postSolution
		{3D8894ED-41A3-4766-86E4-E26A32440ADA}.Debug|Any CPU.ActiveCfg = Debug|Any CPU
		{3D8894ED-41A3-4766-86E4-E26A32440ADA}.Debug|Any CPU.Build.0 = Debug|Any CPU
		{3D8894ED-41A3-4766-86E4-E26A32440ADA}.Release|Any CPU.ActiveCfg = Release|Any CPU
		{3D8894ED-41A3-4766-86E4-E26A32440ADA}.Release|Any CPU.Build.0 = Release|Any CPU
	EndGlobalSection
	GlobalSection(SolutionProperties) = preSolution
		HideSolutionNode = FALSE
	EndGlobalSection
	GlobalSection(ExtensibilityGlobals) = postSolution
		SolutionGuid = {771E692D-560C-445B-A4DD-CD235C5A7F59}
	EndGlobalSection
EndGlobal
